github.com/GuilhermeCaruso/mooncake v0.0.1 h1:v4wny+eNb4jcSsmwV3deeH4eIQ4X/VFEZtkCi/3j7JI=
github.com/GuilhermeCaruso/mooncake v0.0.1/go.mod h1:SVuzjncbZ6rnqgFHAZlXVn7l20kPEBfZtWwiHmzM7Sw=
github.com/go-sql-driver/mysql v1.6.0 h1:BCTh4TKNUYmOmMUcQ3IipzF5prigylS7XXjEkfCHuOE=
github.com/go-sql-driver/mysql v1.6.0/go.mod h1:DCzpHaOWr8IXmIStZouvnhqoel9Qv2LBy8hT2VhHyBg=
github.com/viniciusteixeirabarreto/gohtml v1.0.0 h1:xNsLNDe1A/bzjD4OVT0uqIlrk0eowDTi4/hd+T3QBlw=
github.com/viniciusteixeirabarreto/gohtml v1.0.0/go.mod h1:CqsCckRYNwaNCCLLfPZMI0+GvYIO3d2/thrsvIOsJj4=
